# This file is automatically @generated by Poetry 1.8.2 and should not be changed by hand.

[[package]]
name = "pyxel"
version = "2.0.10"
description = "A retro game engine for Python"
optional = false
python-versions = ">=3.7"
files = [
    {file = "pyxel-2.0.10-cp37-abi3-macosx_10_12_x86_64.whl", hash = "sha256:0a5fd4f182cd2a050558150af21dc0881d9029ec6edcd487f4d6b94b922dff5f"},
    {file = "pyxel-2.0.10-cp37-abi3-macosx_11_0_arm64.whl", hash = "sha256:c58048820d911657da659a1d8ed944a887a952b2c6408e415eb0fd47a526e25d"},
    {file = "pyxel-2.0.10-cp37-abi3-manylinux_2_17_aarch64.manylinux2014_aarch64.whl", hash = "sha256:fbd80328cacee3bf271788e548f19fe8defb05dcef36f3102278bca622485318"},
    {file = "pyxel-2.0.10-cp37-abi3-manylinux_2_17_armv7l.manylinux2014_armv7l.whl", hash = "sha256:a005c58d7bbe9424082a2f34d738351a7ae310bd434721d696430eff60dc69e9"},
    {file = "pyxel-2.0.10-cp37-abi3-manylinux_2_17_i686.manylinux2014_i686.whl", hash = "sha256:51b4fe2aef5c50a7971112af61e267269cf41085e41b193f86f057db14ba7fc8"},
    {file = "pyxel-2.0.10-cp37-abi3-manylinux_2_17_x86_64.manylinux2014_x86_64.whl", hash = "sha256:cc93c24816d46888e48c5e55b6bd0beef174b2c58accebe01b46e2883e91e21f"},
    {file = "pyxel-2.0.10-cp37-abi3-win32.whl", hash = "sha256:df9d9cc15707114848d8095b7026dfaa768fa1aa7d3e7ca5f3e00c85ddf65d1e"},
    {file = "pyxel-2.0.10-cp37-abi3-win_amd64.whl", hash = "sha256:6f2bf9821ca178acba4a9418632785381b90d38a3401dc1382f9af3a4290b7d4"},
]

[metadata]
lock-version = "2.0"
python-versions = "^3.10"
content-hash = "3e9d2bb282e600f556eba848d8d957e11229b24437373638d4922d51ad913d47"
